
Microsoft Visual Studio Solution File, Format Version 12.00
# Visual Studio Version 17
VisualStudioVersion = 17.9.34622.214
MinimumVisualStudioVersion = 10.0.40219.1
Project("{8BC9CEB8-8B4A-11D0-8D11-00A0C91BC942}") = "Project1", "Project1\Project1.vcxproj", "{067B63F8-B381-4429-A4AB-7D48D8FABC8C}"
EndProject
Global
	GlobalSection(SolutionConfigurationPlatforms) = preSolution
		Debug|x64 = Debug|x64
		Debug|x86 = Debug|x86
		Release|x64 = Release|x64
		Release|x86 = Release|x86
	EndGlobalSection
	GlobalSection(ProjectConfigurationPlatforms) = postSolution
		{067B63F8-B381-4429-A4AB-7D48D8FABC8C}.Debug|x64.ActiveCfg = Debug|x64
		{067B63F8-B381-4429-A4AB-7D48D8FABC8C}.Debug|x64.Build.0 = Debug|x64
		{067B63F8-B381-4429-A4AB-7D48D8FABC8C}.Debug|x86.ActiveCfg = Debug|Win32
		{067B63F8-B381-4429-A4AB-7D48D8FABC8C}.Debug|x86.Build.0 = Debug|Win32
		{067B63F8-B381-4429-A4AB-7D48D8FABC8C}.Release|x64.ActiveCfg = Release|x64
		{067B63F8-B381-4429-A4AB-7D48D8FABC8C}.Release|x64.Build.0 = Release|x64
		{067B63F8-B381-4429-A4AB-7D48D8FABC8C}.Release|x86.ActiveCfg = Release|Win32
		{067B63F8-B381-4429-A4AB-7D48D8FABC8C}.Release|x86.Build.0 = Release|Win32
	EndGlobalSection
	GlobalSection(SolutionProperties) = preSolution
		HideSolutionNode = FALSE
	EndGlobalSection
	GlobalSection(ExtensibilityGlobals) = postSolution
		SolutionGuid = {9FD60170-5055-4CB7-9C43-A1DD18AD8FBA}
	EndGlobalSection
EndGlobal
